# This file is automatically @generated by Cargo.
# It is not intended for manual editing.
version = 3

[[package]]
name = "bindings"
version = "0.1.0"
dependencies = [
 "windows",
]

[[package]]
name = "const-sha1"
version = "0.2.0"
source = "registry+https://github.com/rust-lang/crates.io-index"
checksum = "fb58b6451e8c2a812ad979ed1d83378caa5e927eef2622017a45f251457c2c9d"

[[package]]
name = "execute"
version = "0.2.11"
source = "registry+https://github.com/rust-lang/crates.io-index"
checksum = "313431b1c5e3a6ec9b864333defee57d2ddb50de77abab419e4baedb6cdff292"
dependencies = [
 "execute-command-macro",
 "execute-command-tokens",
 "generic-array",
]

[[package]]
name = "execute-command-macro"
version = "0.1.8"
source = "registry+https://github.com/rust-lang/crates.io-index"
checksum = "a5fbc65a0cf735106743f4c38c9a3671c1e734b5c2c20d21a3c93c696daa3157"
dependencies = [
 "execute-command-macro-impl",
]

[[package]]
name = "execute-command-macro-impl"
version = "0.1.8"
source = "registry+https://github.com/rust-lang/crates.io-index"
checksum = "5109f6bc9cd57feda665da326f3f6c57e0498c8fe9f7d12d7b8abc96719ca91b"
dependencies = [
 "execute-command-tokens",
 "quote",
 "syn",
]

[[package]]
name = "execute-command-tokens"
version = "0.1.6"
source = "registry+https://github.com/rust-lang/crates.io-index"
checksum = "8ba569491c70ec8471e34aa7e9c0b9e82bb5d2464c0398442d17d3c4af814e5a"

[[package]]
name = "generic-array"
version = "0.14.6"
source = "registry+https://github.com/rust-lang/crates.io-index"
checksum = "bff49e947297f3312447abdca79f45f4738097cc82b06e72054d2223f601f1b9"
dependencies = [
 "typenum",
 "version_check",
]

[[package]]
name = "proc-macro2"
version = "1.0.47"
source = "registry+https://github.com/rust-lang/crates.io-index"
checksum = "5ea3d908b0e36316caf9e9e2c4625cdde190a7e6f440d794667ed17a1855e725"
dependencies = [
 "unicode-ident",
]

[[package]]
name = "quick-start"
version = "0.1.0"
dependencies = [
 "bindings",
 "execute",
 "windows",
]

[[package]]
name = "quote"
version = "1.0.21"
source = "registry+https://github.com/rust-lang/crates.io-index"
checksum = "bbe448f377a7d6961e30f5955f9b8d106c3f5e449d493ee1b125c1d43c2b5179"
dependencies = [
 "proc-macro2",
]

[[package]]
name = "syn"
version = "1.0.103"
source = "registry+https://github.com/rust-lang/crates.io-index"
checksum = "a864042229133ada95abf3b54fdc62ef5ccabe9515b64717bcb9a1919e59445d"
dependencies = [
 "proc-macro2",
 "quote",
 "unicode-ident",
]

[[package]]
name = "typenum"
version = "1.15.0"
source = "registry+https://github.com/rust-lang/crates.io-index"
checksum = "dcf81ac59edc17cc8697ff311e8f5ef2d99fcbd9817b34cec66f90b6c3dfd987"

[[package]]
name = "unicode-ident"
version = "1.0.5"
source = "registry+https://github.com/rust-lang/crates.io-index"
checksum = "6ceab39d59e4c9499d4e5a8ee0e2735b891bb7308ac83dfb4e80cad195c9f6f3"

[[package]]
name = "version_check"
version = "0.9.4"
source = "registry+https://github.com/rust-lang/crates.io-index"
checksum = "49874b5167b65d7193b8aba1567f5c7d93d001cafc34600cee003eda787e483f"

[[package]]
name = "windows"
version = "0.9.1"
source = "registry+https://github.com/rust-lang/crates.io-index"
checksum = "361f3533a83ee1a28c9be59683f40043db02dbedf6479ce8795657386195c97f"
dependencies = [
 "const-sha1",
 "windows_gen",
 "windows_macros",
]

[[package]]
name = "windows_gen"
version = "0.9.1"
source = "registry+https://github.com/rust-lang/crates.io-index"
checksum = "54154dbc515d58723f6b6053c12f1065da7389f733660581b2391bd1af480452"
dependencies = [
 "syn",
]

[[package]]
name = "windows_macros"
version = "0.9.1"
source = "registry+https://github.com/rust-lang/crates.io-index"
checksum = "0f7794c652845dc466cb8dc1b86c08345707c8144bc53e9086430047c7d33b76"
dependencies = [
 "syn",
 "windows_gen",
]
